
Microsoft Visual Studio Solution File, Format Version 12.00
# Visual Studio Version 17
VisualStudioVersion = 17.7.34024.191
MinimumVisualStudioVersion = 10.0.40219.1
Project("{FAE04EC0-301F-11D3-BF4B-00C04F79EFBC}") = "WpfApp1", "WpfApp1\WpfApp1.csproj", "{287EB40D-87A2-4556-BA03-D5EA83CE8966}"
EndProject
Global
	GlobalSection(SolutionConfigurationPlatforms) = preSolution
		Debug|Any CPU = Debug|Any CPU
		Release|Any CPU = Release|Any CPU
	EndGlobalSection
	GlobalSection(ProjectConfigurationPlatforms) = postSolution
		{287EB40D-87A2-4556-BA03-D5EA83CE8966}.Debug|Any CPU.ActiveCfg = Debug|Any CPU
		{287EB40D-87A2-4556-BA03-D5EA83CE8966}.Debug|Any CPU.Build.0 = Debug|Any CPU
		{287EB40D-87A2-4556-BA03-D5EA83CE8966}.Release|Any CPU.ActiveCfg = Release|Any CPU
		{287EB40D-87A2-4556-BA03-D5EA83CE8966}.Release|Any CPU.Build.0 = Release|Any CPU
	EndGlobalSection
	GlobalSection(SolutionProperties) = preSolution
		HideSolutionNode = FALSE
	EndGlobalSection
	GlobalSection(ExtensibilityGlobals) = postSolution
		SolutionGuid = {52470F4F-6D87-4618-A7AD-1D35A0F36206}
	EndGlobalSection
EndGlobal
